
Microsoft Visual Studio Solution File, Format Version 11.00
# Visual Studio 2010
Project("{FAE04EC0-301F-11D3-BF4B-00C04F79EFBC}") = "Allegro-Graph-CSharp-Client", "Allegro-Graph-CSharp-Client\Allegro-Graph-CSharp-Client.csproj", "{9ECE89F7-87D4-492C-BC2D-46AA8CD28582}"
EndProject
Project("{2150E333-8FDC-42A3-9474-1A3956D46DE8}") = "Solution Items", "Solution Items", "{A182453D-0C79-4F69-9707-F17DAFF3380A}"
	ProjectSection(SolutionItems) = preProject
		Allegro-Graph-CSharp-Client.vsmdi = Allegro-Graph-CSharp-Client.vsmdi
		Local.testsettings = Local.testsettings
		TraceAndTestImpact.testsettings = TraceAndTestImpact.testsettings
	EndProjectSection
EndProject
Project("{FAE04EC0-301F-11D3-BF4B-00C04F79EFBC}") = "Allegro-Graph-CSharp-Client-NUnitTest", "Allegro-Graph-CSharp-Client-NUnitTest\Allegro-Graph-CSharp-Client-NUnitTest.csproj", "{3A1A07E3-ABC0-4171-9146-FBCBCB5F49B4}"
EndProject
Global
	GlobalSection(TestCaseManagementSettings) = postSolution
		CategoryFile = Allegro-Graph-CSharp-Client.vsmdi
	EndGlobalSection
	GlobalSection(SolutionConfigurationPlatforms) = preSolution
		Debug|Any CPU = Debug|Any CPU
		Debug|Mixed Platforms = Debug|Mixed Platforms
		Debug|x86 = Debug|x86
		Release|Any CPU = Release|Any CPU
		Release|Mixed Platforms = Release|Mixed Platforms
		Release|x86 = Release|x86
	EndGlobalSection
	GlobalSection(ProjectConfigurationPlatforms) = postSolution
		{9ECE89F7-87D4-492C-BC2D-46AA8CD28582}.Debug|Any CPU.ActiveCfg = Debug|x86
		{9ECE89F7-87D4-492C-BC2D-46AA8CD28582}.Debug|Mixed Platforms.ActiveCfg = Debug|x86
		{9ECE89F7-87D4-492C-BC2D-46AA8CD28582}.Debug|Mixed Platforms.Build.0 = Debug|x86
		{9ECE89F7-87D4-492C-BC2D-46AA8CD28582}.Debug|x86.ActiveCfg = Debug|x86
		{9ECE89F7-87D4-492C-BC2D-46AA8CD28582}.Debug|x86.Build.0 = Debug|x86
		{9ECE89F7-87D4-492C-BC2D-46AA8CD28582}.Release|Any CPU.ActiveCfg = Release|x86
		{9ECE89F7-87D4-492C-BC2D-46AA8CD28582}.Release|Mixed Platforms.ActiveCfg = Release|x86
		{9ECE89F7-87D4-492C-BC2D-46AA8CD28582}.Release|Mixed Platforms.Build.0 = Release|x86
		{9ECE89F7-87D4-492C-BC2D-46AA8CD28582}.Release|x86.ActiveCfg = Release|x86
		{9ECE89F7-87D4-492C-BC2D-46AA8CD28582}.Release|x86.Build.0 = Release|x86
		{3A1A07E3-ABC0-4171-9146-FBCBCB5F49B4}.Debug|Any CPU.ActiveCfg = Debug|Any CPU
		{3A1A07E3-ABC0-4171-9146-FBCBCB5F49B4}.Debug|Any CPU.Build.0 = Debug|Any CPU
		{3A1A07E3-ABC0-4171-9146-FBCBCB5F49B4}.Debug|Mixed Platforms.ActiveCfg = Debug|Any CPU
		{3A1A07E3-ABC0-4171-9146-FBCBCB5F49B4}.Debug|Mixed Platforms.Build.0 = Debug|Any CPU
		{3A1A07E3-ABC0-4171-9146-FBCBCB5F49B4}.Debug|x86.ActiveCfg = Debug|Any CPU
		{3A1A07E3-ABC0-4171-9146-FBCBCB5F49B4}.Release|Any CPU.ActiveCfg = Release|Any CPU
		{3A1A07E3-ABC0-4171-9146-FBCBCB5F49B4}.Release|Any CPU.Build.0 = Release|Any CPU
		{3A1A07E3-ABC0-4171-9146-FBCBCB5F49B4}.Release|Mixed Platforms.ActiveCfg = Release|Any CPU
		{3A1A07E3-ABC0-4171-9146-FBCBCB5F49B4}.Release|Mixed Platforms.Build.0 = Release|Any CPU
		{3A1A07E3-ABC0-4171-9146-FBCBCB5F49B4}.Release|x86.ActiveCfg = Release|Any CPU
	EndGlobalSection
	GlobalSection(SolutionProperties) = preSolution
		HideSolutionNode = FALSE
	EndGlobalSection
EndGlobal
